Microsoft Visual Studio Solution File, Format Version 12.00
# Visual Studio 2012
Project("{FAE04EC0-301F-11D3-BF4B-00C04F79EFBC}") = "OutOfTheHole", "OutOfTheHole.csproj", "{FF8A93A5-9DA9-462D-B3FF-0CE2B4A115C7}"
EndProject
Global
	GlobalSection(SolutionConfigurationPlatforms) = preSolution
	Debug|Any CPU = Debug|Any CPU
	ExportDebug|Any CPU = ExportDebug|Any CPU
	ExportRelease|Any CPU = ExportRelease|Any CPU
	EndGlobalSection
	GlobalSection(ProjectConfigurationPlatforms) = postSolution
		{FF8A93A5-9DA9-462D-B3FF-0CE2B4A115C7}.Debug|Any CPU.ActiveCfg = Debug|Any CPU
		{FF8A93A5-9DA9-462D-B3FF-0CE2B4A115C7}.Debug|Any CPU.Build.0 = Debug|Any CPU
		{FF8A93A5-9DA9-462D-B3FF-0CE2B4A115C7}.ExportDebug|Any CPU.ActiveCfg = ExportDebug|Any CPU
		{FF8A93A5-9DA9-462D-B3FF-0CE2B4A115C7}.ExportDebug|Any CPU.Build.0 = ExportDebug|Any CPU
		{FF8A93A5-9DA9-462D-B3FF-0CE2B4A115C7}.ExportRelease|Any CPU.ActiveCfg = ExportRelease|Any CPU
		{FF8A93A5-9DA9-462D-B3FF-0CE2B4A115C7}.ExportRelease|Any CPU.Build.0 = ExportRelease|Any CPU
	EndGlobalSection
EndGlobal
